
Microsoft Visual Studio Solution File, Format Version 12.00
# Visual Studio Version 16
VisualStudioVersion = 16.0.31613.86
MinimumVisualStudioVersion = 10.0.40219.1
Project("{FAE04EC0-301F-11D3-BF4B-00C04F79EFBC}") = "VendingMachine", "VendingMachine\VendingMachine.csproj", "{2162D0CB-8093-4221-9497-35D8F1C4A2A3}"
EndProject
Global
	GlobalSection(SolutionConfigurationPlatforms) = preSolution
		Debug|Any CPU = Debug|Any CPU
		Release|Any CPU = Release|Any CPU
	EndGlobalSection
	GlobalSection(ProjectConfigurationPlatforms) = postSolution
		{2162D0CB-8093-4221-9497-35D8F1C4A2A3}.Debug|Any CPU.ActiveCfg = Debug|Any CPU
		{2162D0CB-8093-4221-9497-35D8F1C4A2A3}.Debug|Any CPU.Build.0 = Debug|Any CPU
		{2162D0CB-8093-4221-9497-35D8F1C4A2A3}.Release|Any CPU.ActiveCfg = Release|Any CPU
		{2162D0CB-8093-4221-9497-35D8F1C4A2A3}.Release|Any CPU.Build.0 = Release|Any CPU
	EndGlobalSection
	GlobalSection(SolutionProperties) = preSolution
		HideSolutionNode = FALSE
	EndGlobalSection
	GlobalSection(ExtensibilityGlobals) = postSolution
		SolutionGuid = {DDF8AA62-B3F6-4BC8-8638-95CA5978AFCF}
	EndGlobalSection
EndGlobal
